// !$*UTF8*$!
{
	archiveVersion = 1;
	classes = {
	};
	objectVersion = 77;
	objects = {

/* Begin PBXContainerItemProxy section */
		9DEC45422D513BC9002BB8D7 /* PBXContainerItemProxy */ = {
			isa = PBXContainerItemProxy;
			containerPortal = 9DEC45292D513BC7002BB8D7 /* Project object */;
			proxyType = 1;
			remoteGlobalIDString = 9DEC45302D513BC7002BB8D7;
			remoteInfo = MovieLibrary;
		};
		9DEC454C2D513BC9002BB8D7 /* PBXContainerItemProxy */ = {
			isa = PBXContainerItemProxy;
			containerPortal = 9DEC45292D513BC7002BB8D7 /* Project object */;
			proxyType = 1;
			remoteGlobalIDString = 9DEC45302D513BC7002BB8D7;
			remoteInfo = MovieLibrary;
		};
/* End PBXContainerItemProxy section */

/* Begin PBXFileReference section */
		9DEC45312D513BC7002BB8D7 /* MovieLibrary.app */ = {isa = PBXFileReference; explicitFileType = wrapper.application; includeInIndex = 0; path = MovieLibrary.app; sourceTree = BUILT_PRODUCTS_DIR; };
		9DEC45412D513BC9002BB8D7 /* MovieLibraryTests.xctest */ = {isa = PBXFileReference; explicitFileType = wrapper.cfbundle; includeInIndex = 0; path = MovieLibraryTests.xctest; sourceTree = BUILT_PRODUCTS_DIR; };
		9DEC454B2D513BC9002BB8D7 /* MovieLibraryUITests.xctest */ = {isa = PBXFileReference; explicitFileType = wrapper.cfbundle; includeInIndex = 0; path = MovieLibraryUITests.xctest; sourceTree = BUILT_PRODUCTS_DIR; };
/* End PBXFileReference section */

/* Begin PBXFileSystemSynchronizedRootGroup section */
		9DEC45332D513BC7002BB8D7 /* MovieLibrary */ = {
			isa = PBXFileSystemSynchronizedRootGroup;
			path = MovieLibrary;
			sourceTree = "<group>";
		};
		9DEC45442D513BC9002BB8D7 /* MovieLibraryTests */ = {
			isa = PBXFileSystemSynchronizedRootGroup;
			path = MovieLibraryTests;
			sourceTree = "<group>";
		};
		9DEC454E2D513BC9002BB8D7 /* MovieLibraryUITests */ = {
			isa = PBXFileSystemSynchronizedRootGroup;
			path = MovieLibraryUITests;
			sourceTree = "<group>";
		};
/* End PBXFileSystemSynchronizedRootGroup section */

/* Begin PBXFrameworksBuildPhase section */
		9DEC452E2D513BC7002BB8D7 /* Frameworks */ = {
			isa = PBXFrameworksBuildPhase;
			buildActionMask = 2147483647;
			files = (
			);
			runOnlyForDeploymentPostprocessing = 0;
		};
		9DEC453E2D513BC9002BB8D7 /* Frameworks */ = {
			isa = PBXFrameworksBuildPhase;
			buildActionMask = 2147483647;
			files = (
			);
			runOnlyForDeploymentPostprocessing = 0;
		};
		9DEC45482D513BC9002BB8D7 /* Frameworks */ = {
			isa = PBXFrameworksBuildPhase;
			buildActionMask = 2147483647;
			files = (
			);
			runOnlyForDeploymentPostprocessing = 0;
		};
/* End PBXFrameworksBuildPhase section */

/* Begin PBXGroup section */
		9DEC45282D513BC7002BB8D7 = {
			isa = PBXGroup;
			children = (
				9DEC45332D513BC7002BB8D7 /* MovieLibrary */,
				9DEC45442D513BC9002BB8D7 /* MovieLibraryTests */,
				9DEC454E2D513BC9002BB8D7 /* MovieLibraryUITests */,
				9DEC45322D513BC7002BB8D7 /* Products */,
			);
			sourceTree = "<group>";
		};
		9DEC45322D513BC7002BB8D7 /* Products */ = {
			isa = PBXGroup;
			children = (
				9DEC45312D513BC7002BB8D7 /* MovieLibrary.app */,
				9DEC45412D513BC9002BB8D7 /* MovieLibraryTests.xctest */,
				9DEC454B2D513BC9002BB8D7 /* MovieLibraryUITests.xctest */,
			);
			name = Products;
			sourceTree = "<group>";
		};
/* End PBXGroup section */

/* Begin PBXNativeTarget section */
		9DEC45302D513BC7002BB8D7 /* MovieLibrary */ = {
			isa = PBXNativeTarget;
			buildConfigurationList = 9DEC45552D513BC9002BB8D7 /* Build configuration list for PBXNativeTarget "MovieLibrary" */;
			buildPhases = (
				9DEC452D2D513BC7002BB8D7 /* Sources */,
				9DEC452E2D513BC7002BB8D7 /* Frameworks */,
				9DEC452F2D513BC7002BB8D7 /* Resources */,
			);
			buildRules = (
			);
			dependencies = (
			);
			fileSystemSynchronizedGroups = (
				9DEC45332D513BC7002BB8D7 /* MovieLibrary */,
			);
			name = MovieLibrary;
			packageProductDependencies = (
			);
			productName = MovieLibrary;
			productReference = 9DEC45312D513BC7002BB8D7 /* MovieLibrary.app */;
			productType = "com.apple.product-type.application";
		};
		9DEC45402D513BC9002BB8D7 /* MovieLibraryTests */ = {
			isa = PBXNativeTarget;
			buildConfigurationList = 9DEC45582D513BC9002BB8D7 /* Build configuration list for PBXNativeTarget "MovieLibraryTests" */;
			buildPhases = (
				9DEC453D2D513BC9002BB8D7 /* Sources */,
				9DEC453E2D513BC9002BB8D7 /* Frameworks */,
				9DEC453F2D513BC9002BB8D7 /* Resources */,
			);
			buildRules = (
			);
			dependencies = (
				9DEC45432D513BC9002BB8D7 /* PBXTargetDependency */,
			);
			fileSystemSynchronizedGroups = (
				9DEC45442D513BC9002BB8D7 /* MovieLibraryTests */,
			);
			name = MovieLibraryTests;
			packageProductDependencies = (
			);
			productName = MovieLibraryTests;
			productReference = 9DEC45412D513BC9002BB8D7 /* MovieLibraryTests.xctest */;
			productType = "com.apple.product-type.bundle.unit-test";
		};
		9DEC454A2D513BC9002BB8D7 /* MovieLibraryUITests */ = {
			isa = PBXNativeTarget;
			buildConfigurationList = 9DEC455B2D513BC9002BB8D7 /* Build configuration list for PBXNativeTarget "MovieLibraryUITests" */;
			buildPhases = (
				9DEC45472D513BC9002BB8D7 /* Sources */,
				9DEC45482D513BC9002BB8D7 /* Frameworks */,
				9DEC45492D513BC9002BB8D7 /* Resources */,
			);
			buildRules = (
			);
			dependencies = (
				9DEC454D2D513BC9002BB8D7 /* PBXTargetDependency */,
			);
			fileSystemSynchronizedGroups = (
				9DEC454E2D513BC9002BB8D7 /* MovieLibraryUITests */,
			);
			name = MovieLibraryUITests;
			packageProductDependencies = (
			);
			productName = MovieLibraryUITests;
			productReference = 9DEC454B2D513BC9002BB8D7 /* MovieLibraryUITests.xctest */;
			productType = "com.apple.product-type.bundle.ui-testing";
		};
/* End PBXNativeTarget section */

/* Begin PBXProject section */
		9DEC45292D513BC7002BB8D7 /* Project object */ = {
			isa = PBXProject;
			attributes = {
				BuildIndependentTargetsInParallel = 1;
				LastSwiftUpdateCheck = 1620;
				LastUpgradeCheck = 1620;
				TargetAttributes = {
					9DEC45302D513BC7002BB8D7 = {
						CreatedOnToolsVersion = 16.2;
					};
					9DEC45402D513BC9002BB8D7 = {
						CreatedOnToolsVersion = 16.2;
						TestTargetID = 9DEC45302D513BC7002BB8D7;
					};
					9DEC454A2D513BC9002BB8D7 = {
						CreatedOnToolsVersion = 16.2;
						TestTargetID = 9DEC45302D513BC7002BB8D7;
					};
				};
			};
			buildConfigurationList = 9DEC452C2D513BC7002BB8D7 /* Build configuration list for PBXProject "MovieLibrary" */;
			developmentRegion = en;
			hasScannedForEncodings = 0;
			knownRegions = (
				en,
				Base,
			);
			mainGroup = 9DEC45282D513BC7002BB8D7;
			minimizedProjectReferenceProxies = 1;
			preferredProjectObjectVersion = 77;
			productRefGroup = 9DEC45322D513BC7002BB8D7 /* Products */;
			projectDirPath = "";
			projectRoot = "";
			targets = (
				9DEC45302D513BC7002BB8D7 /* MovieLibrary */,
				9DEC45402D513BC9002BB8D7 /* MovieLibraryTests */,
				9DEC454A2D513BC9002BB8D7 /* MovieLibraryUITests */,
			);
		};
/* End PBXProject section */

/* Begin PBXResourcesBuildPhase section */
		9DEC452F2D513BC7002BB8D7 /* Resources */ = {
			isa = PBXResourcesBuildPhase;
			buildActionMask = 2147483647;
			files = (
			);
			runOnlyForDeploymentPostprocessing = 0;
		};
		9DEC453F2D513BC9002BB8D7 /* Resources */ = {
			isa = PBXResourcesBuildPhase;
			buildActionMask = 2147483647;
			files = (
			);
			runOnlyForDeploymentPostprocessing = 0;
		};
		9DEC45492D513BC9002BB8D7 /* Resources */ = {
			isa = PBXResourcesBuildPhase;
			buildActionMask = 2147483647;
			files = (
			);
			runOnlyForDeploymentPostprocessing = 0;
		};
/* End PBXResourcesBuildPhase section */

/* Begin PBXSourcesBuildPhase section */
		9DEC452D2D513BC7002BB8D7 /* Sources */ = {
			isa = PBXSourcesBuildPhase;
			buildActionMask = 2147483647;
			files = (
			);
			runOnlyForDeploymentPostprocessing = 0;
		};
		9DEC453D2D513BC9002BB8D7 /* Sources */ = {
			isa = PBXSourcesBuildPhase;
			buildActionMask = 2147483647;
			files = (
			);
			runOnlyForDeploymentPostprocessing = 0;
		};
		9DEC45472D513BC9002BB8D7 /* Sources */ = {
			isa = PBXSourcesBuildPhase;
			buildActionMask = 2147483647;
			files = (
			);
			runOnlyForDeploymentPostprocessing = 0;
		};
/* End PBXSourcesBuildPhase section */

/* Begin PBXTargetDependency section */
		9DEC45432D513BC9002BB8D7 /* PBXTargetDependency */ = {
			isa = PBXTargetDependency;
			target = 9DEC45302D513BC7002BB8D7 /* MovieLibrary */;
			targetProxy = 9DEC45422D513BC9002BB8D7 /* PBXContainerItemProxy */;
		};
		9DEC454D2D513BC9002BB8D7 /* PBXTargetDependency */ = {
			isa = PBXTargetDependency;
			target = 9DEC45302D513BC7002BB8D7 /* MovieLibrary */;
			targetProxy = 9DEC454C2D513BC9002BB8D7 /* PBXContainerItemProxy */;
		};
/* End PBXTargetDependency section */

/* Begin XCBuildConfiguration section */
		9DEC45532D513BC9002BB8D7 /* Debug */ = {
			isa = XCBuildConfiguration;
			buildSettings = {
				ALWAYS_SEARCH_USER_PATHS = NO;
				ASSETCATALOG_COMPILER_GENERATE_SWIFT_ASSET_SYMBOL_EXTENSIONS = YES;
				CLANG_ANALYZER_NONNULL = YES;
				CLANG_ANALYZER_NUMBER_OBJECT_CONVERSION = YES_AGGRESSIVE;
				CLANG_CXX_LANGUAGE_STANDARD = "gnu++20";
				CLANG_ENABLE_MODULES = YES;
				CLANG_ENABLE_OBJC_ARC = YES;
				CLANG_ENABLE_OBJC_WEAK = YES;
				CLANG_WARN_BLOCK_CAPTURE_AUTORELEASING = YES;
				CLANG_WARN_BOOL_CONVERSION = YES;
				CLANG_WARN_COMMA = YES;
				CLANG_WARN_CONSTANT_CONVERSION = YES;
				CLANG_WARN_DEPRECATED_OBJC_IMPLEMENTATIONS = YES;
				CLANG_WARN_DIRECT_OBJC_ISA_USAGE = YES_ERROR;
				CLANG_WARN_DOCUMENTATION_COMMENTS = YES;
				CLANG_WARN_EMPTY_BODY = YES;
				CLANG_WARN_ENUM_CONVERSION = YES;
				CLANG_WARN_INFINITE_RECURSION = YES;
				CLANG_WARN_INT_CONVERSION = YES;
				CLANG_WARN_NON_LITERAL_NULL_CONVERSION = YES;
				CLANG_WARN_OBJC_IMPLICIT_RETAIN_SELF = YES;
				CLANG_WARN_OBJC_LITERAL_CONVERSION = YES;
				CLANG_WARN_OBJC_ROOT_CLASS = YES_ERROR;
				CLANG_WARN_QUOTED_INCLUDE_IN_FRAMEWORK_HEADER = YES;
				CLANG_WARN_RANGE_LOOP_ANALYSIS = YES;
				CLANG_WARN_STRICT_PROTOTYPES = YES;
				CLANG_WARN_SUSPICIOUS_MOVE = YES;
				CLANG_WARN_UNGUARDED_AVAILABILITY = YES_AGGRESSIVE;
				CLANG_WARN_UNREACHABLE_CODE = YES;
				CLANG_WARN__DUPLICATE_METHOD_MATCH = YES;
				COPY_PHASE_STRIP = NO;
				DEBUG_INFORMATION_FORMAT = dwarf;
				ENABLE_STRICT_OBJC_MSGSEND = YES;
				ENABLE_TESTABILITY = YES;
				ENABLE_USER_SCRIPT_SANDBOXING = YES;
				GCC_C_LANGUAGE_STANDARD = gnu17;
				GCC_DYNAMIC_NO_PIC = NO;
				GCC_NO_COMMON_BLOCKS = YES;
				GCC_OPTIMIZATION_LEVEL = 0;
				GCC_PREPROCESSOR_DEFINITIONS = (
					"DEBUG=1",
					"$(inherited)",
				);
				GCC_WARN_64_TO_32_BIT_CONVERSION = YES;
				GCC_WARN_ABOUT_RETURN_TYPE = YES_ERROR;
				GCC_WARN_UNDECLARED_SELECTOR = YES;
				GCC_WARN_UNINITIALIZED_AUTOS = YES_AGGRESSIVE;
				GCC_WARN_UNUSED_FUNCTION = YES;
				GCC_WARN_UNUSED_VARIABLE = YES;
				IPHONEOS_DEPLOYMENT_TARGET = 18.2;
				LOCALIZATION_PREFERS_STRING_CATALOGS = YES;
				MTL_ENABLE_DEBUG_INFO = INCLUDE_SOURCE;
				MTL_FAST_MATH = YES;
				ONLY_ACTIVE_ARCH = YES;
				SDKROOT = iphoneos;
				SWIFT_ACTIVE_COMPILATION_CONDITIONS = "DEBUG $(inherited)";
				SWIFT_OPTIMIZATION_LEVEL = "-Onone";
			};
			name = Debug;
		};
		9DEC45542D513BC9002BB8D7 /* Release */ = {
			isa = XCBuildConfiguration;
			buildSettings = {
				ALWAYS_SEARCH_USER_PATHS = NO;
				ASSETCATALOG_COMPILER_GENERATE_SWIFT_ASSET_SYMBOL_EXTENSIONS = YES;
				CLANG_ANALYZER_NONNULL = YES;
				CLANG_ANALYZER_NUMBER_OBJECT_CONVERSION = YES_AGGRESSIVE;
				CLANG_CXX_LANGUAGE_STANDARD = "gnu++20";
				CLANG_ENABLE_MODULES = YES;
				CLANG_ENABLE_OBJC_ARC = YES;
				CLANG_ENABLE_OBJC_WEAK = YES;
				CLANG_WARN_BLOCK_CAPTURE_AUTORELEASING = YES;
				CLANG_WARN_BOOL_CONVERSION = YES;
				CLANG_WARN_COMMA = YES;
				CLANG_WARN_CONSTANT_CONVERSION = YES;
				CLANG_WARN_DEPRECATED_OBJC_IMPLEMENTATIONS = YES;
				CLANG_WARN_DIRECT_OBJC_ISA_USAGE = YES_ERROR;
				CLANG_WARN_DOCUMENTATION_COMMENTS = YES;
				CLANG_WARN_EMPTY_BODY = YES;
				CLANG_WARN_ENUM_CONVERSION = YES;
				CLANG_WARN_INFINITE_RECURSION = YES;
				CLANG_WARN_INT_CONVERSION = YES;
				CLANG_WARN_NON_LITERAL_NULL_CONVERSION = YES;
				CLANG_WARN_OBJC_IMPLICIT_RETAIN_SELF = YES;
				CLANG_WARN_OBJC_LITERAL_CONVERSION = YES;
				CLANG_WARN_OBJC_ROOT_CLASS = YES_ERROR;
				CLANG_WARN_QUOTED_INCLUDE_IN_FRAMEWORK_HEADER = YES;
				CLANG_WARN_RANGE_LOOP_ANALYSIS = YES;
				CLANG_WARN_STRICT_PROTOTYPES = YES;
				CLANG_WARN_SUSPICIOUS_MOVE = YES;
				CLANG_WARN_UNGUARDED_AVAILABILITY = YES_AGGRESSIVE;
				CLANG_WARN_UNREACHABLE_CODE = YES;
				CLANG_WARN__DUPLICATE_METHOD_MATCH = YES;
				COPY_PHASE_STRIP = NO;
				DEBUG_INFORMATION_FORMAT = "dwarf-with-dsym";
				ENABLE_NS_ASSERTIONS = NO;
				ENABLE_STRICT_OBJC_MSGSEND = YES;
				ENABLE_USER_SCRIPT_SANDBOXING = YES;
				GCC_C_LANGUAGE_STANDARD = gnu17;
				GCC_NO_COMMON_BLOCKS = YES;
				GCC_WARN_64_TO_32_BIT_CONVERSION = YES;
				GCC_WARN_ABOUT_RETURN_TYPE = YES_ERROR;
				GCC_WARN_UNDECLARED_SELECTOR = YES;
				GCC_WARN_UNINITIALIZED_AUTOS = YES_AGGRESSIVE;
				GCC_WARN_UNUSED_FUNCTION = YES;
				GCC_WARN_UNUSED_VARIABLE = YES;
				IPHONEOS_DEPLOYMENT_TARGET = 18.2;
				LOCALIZATION_PREFERS_STRING_CATALOGS = YES;
				MTL_ENABLE_DEBUG_INFO = NO;
				MTL_FAST_MATH = YES;
				SDKROOT = iphoneos;
				SWIFT_COMPILATION_MODE = wholemodule;
				VALIDATE_PRODUCT = YES;
			};
			name = Release;
		};
		9DEC45562D513BC9002BB8D7 /* Debug */ = {
			isa = XCBuildConfiguration;
			buildSettings = {
				ASSETCATALOG_COMPILER_APPICON_NAME = AppIcon;
				ASSETCATALOG_COMPILER_GLOBAL_ACCENT_COLOR_NAME = AccentColor;
				CODE_SIGN_STYLE = Automatic;
				CURRENT_PROJECT_VERSION = 1;
				DEVELOPMENT_ASSET_PATHS = "\"MovieLibrary/Preview Content\"";
				ENABLE_PREVIEWS = YES;
				GENERATE_INFOPLIST_FILE = YES;
				INFOPLIST_KEY_UIApplicationSceneManifest_Generation = YES;
				INFOPLIST_KEY_UIApplicationSupportsIndirectInputEvents = YES;
				INFOPLIST_KEY_UILaunchScreen_Generation = YES;
				INFOPLIST_KEY_UISupportedInterfaceOrientations_iPad = "UIInterfaceOrientationPortrait UIInterfaceOrientationPortraitUpsideDown UIInterfaceOrientationLandscapeLeft UIInterfaceOrientationLandscapeRight";
				INFOPLIST_KEY_UISupportedInterfaceOrientations_iPhone = "UIInterfaceOrientationPortrait UIInterfaceOrientationLandscapeLeft UIInterfaceOrientationLandscapeRight";
				LD_RUNPATH_SEARCH_PATHS = (
					"$(inherited)",
					"@executable_path/Frameworks",
				);
				MARKETING_VERSION = 1.0;
				PRODUCT_BUNDLE_IDENTIFIER = epita.fr.MovieLibrary;
				PRODUCT_NAME = "$(TARGET_NAME)";
				SWIFT_EMIT_LOC_STRINGS = YES;
				SWIFT_VERSION = 5.0;
				TARGETED_DEVICE_FAMILY = "1,2";
			};
			name = Debug;
		};
		9DEC45572D513BC9002BB8D7 /* Release */ = {
			isa = XCBuildConfiguration;
			buildSettings = {
				ASSETCATALOG_COMPILER_APPICON_NAME = AppIcon;
				ASSETCATALOG_COMPILER_GLOBAL_ACCENT_COLOR_NAME = AccentColor;
				CODE_SIGN_STYLE = Automatic;
				CURRENT_PROJECT_VERSION = 1;
				DEVELOPMENT_ASSET_PATHS = "\"MovieLibrary/Preview Content\"";
				ENABLE_PREVIEWS = YES;
				GENERATE_INFOPLIST_FILE = YES;
				INFOPLIST_KEY_UIApplicationSceneManifest_Generation = YES;
				INFOPLIST_KEY_UIApplicationSupportsIndirectInputEvents = YES;
				INFOPLIST_KEY_UILaunchScreen_Generation = YES;
				INFOPLIST_KEY_UISupportedInterfaceOrientations_iPad = "UIInterfaceOrientationPortrait UIInterfaceOrientationPortraitUpsideDown UIInterfaceOrientationLandscapeLeft UIInterfaceOrientationLandscapeRight";
				INFOPLIST_KEY_UISupportedInterfaceOrientations_iPhone = "UIInterfaceOrientationPortrait UIInterfaceOrientationLandscapeLeft UIInterfaceOrientationLandscapeRight";
				LD_RUNPATH_SEARCH_PATHS = (
					"$(inherited)",
					"@executable_path/Frameworks",
				);
				MARKETING_VERSION = 1.0;
				PRODUCT_BUNDLE_IDENTIFIER = epita.fr.MovieLibrary;
				PRODUCT_NAME = "$(TARGET_NAME)";
				SWIFT_EMIT_LOC_STRINGS = YES;
				SWIFT_VERSION = 5.0;
				TARGETED_DEVICE_FAMILY = "1,2";
			};
			name = Release;
		};
		9DEC45592D513BC9002BB8D7 /* Debug */ = {
			isa = XCBuildConfiguration;
			buildSettings = {
				BUNDLE_LOADER = "$(TEST_HOST)";
				CODE_SIGN_STYLE = Automatic;
				CURRENT_PROJECT_VERSION = 1;
				GENERATE_INFOPLIST_FILE = YES;
				IPHONEOS_DEPLOYMENT_TARGET = 18.2;
				MARKETING_VERSION = 1.0;
				PRODUCT_BUNDLE_IDENTIFIER = epita.fr.MovieLibraryTests;
				PRODUCT_NAME = "$(TARGET_NAME)";
				SWIFT_EMIT_LOC_STRINGS = NO;
				SWIFT_VERSION = 5.0;
				TARGETED_DEVICE_FAMILY = "1,2";
				TEST_HOST = "$(BUILT_PRODUCTS_DIR)/MovieLibrary.app/$(BUNDLE_EXECUTABLE_FOLDER_PATH)/MovieLibrary";
			};
			name = Debug;
		};
		9DEC455A2D513BC9002BB8D7 /* Release */ = {
			isa = XCBuildConfiguration;
			buildSettings = {
				BUNDLE_LOADER = "$(TEST_HOST)";
				CODE_SIGN_STYLE = Automatic;
				CURRENT_PROJECT_VERSION = 1;
				GENERATE_INFOPLIST_FILE = YES;
				IPHONEOS_DEPLOYMENT_TARGET = 18.2;
				MARKETING_VERSION = 1.0;
				PRODUCT_BUNDLE_IDENTIFIER = epita.fr.MovieLibraryTests;
				PRODUCT_NAME = "$(TARGET_NAME)";
				SWIFT_EMIT_LOC_STRINGS = NO;
				SWIFT_VERSION = 5.0;
				TARGETED_DEVICE_FAMILY = "1,2";
				TEST_HOST = "$(BUILT_PRODUCTS_DIR)/MovieLibrary.app/$(BUNDLE_EXECUTABLE_FOLDER_PATH)/MovieLibrary";
			};
			name = Release;
		};
		9DEC455C2D513BC9002BB8D7 /* Debug */ = {
			isa = XCBuildConfiguration;
			buildSettings = {
				CODE_SIGN_STYLE = Automatic;
				CURRENT_PROJECT_VERSION = 1;
				GENERATE_INFOPLIST_FILE = YES;
				MARKETING_VERSION = 1.0;
				PRODUCT_BUNDLE_IDENTIFIER = epita.fr.MovieLibraryUITests;
				PRODUCT_NAME = "$(TARGET_NAME)";
				SWIFT_EMIT_LOC_STRINGS = NO;
				SWIFT_VERSION = 5.0;
				TARGETED_DEVICE_FAMILY = "1,2";
				TEST_TARGET_NAME = MovieLibrary;
			};
			name = Debug;
		};
		9DEC455D2D513BC9002BB8D7 /* Release */ = {
			isa = XCBuildConfiguration;
			buildSettings = {
				CODE_SIGN_STYLE = Automatic;
				CURRENT_PROJECT_VERSION = 1;
				GENERATE_INFOPLIST_FILE = YES;
				MARKETING_VERSION = 1.0;
				PRODUCT_BUNDLE_IDENTIFIER = epita.fr.MovieLibraryUITests;
				PRODUCT_NAME = "$(TARGET_NAME)";
				SWIFT_EMIT_LOC_STRINGS = NO;
				SWIFT_VERSION = 5.0;
				TARGETED_DEVICE_FAMILY = "1,2";
				TEST_TARGET_NAME = MovieLibrary;
			};
			name = Release;
		};
/* End XCBuildConfiguration section */

/* Begin XCConfigurationList section */
		9DEC452C2D513BC7002BB8D7 /* Build configuration list for PBXProject "MovieLibrary" */ = {
			isa = XCConfigurationList;
			buildConfigurations = (
				9DEC45532D513BC9002BB8D7 /* Debug */,
				9DEC45542D513BC9002BB8D7 /* Release */,
			);
			defaultConfigurationIsVisible = 0;
			defaultConfigurationName = Release;
		};
		9DEC45552D513BC9002BB8D7 /* Build configuration list for PBXNativeTarget "MovieLibrary" */ = {
			isa = XCConfigurationList;
			buildConfigurations = (
				9DEC45562D513BC9002BB8D7 /* Debug */,
				9DEC45572D513BC9002BB8D7 /* Release */,
			);
			defaultConfigurationIsVisible = 0;
			defaultConfigurationName = Release;
		};
		9DEC45582D513BC9002BB8D7 /* Build configuration list for PBXNativeTarget "MovieLibraryTests" */ = {
			isa = XCConfigurationList;
			buildConfigurations = (
				9DEC45592D513BC9002BB8D7 /* Debug */,
				9DEC455A2D513BC9002BB8D7 /* Release */,
			);
			defaultConfigurationIsVisible = 0;
			defaultConfigurationName = Release;
		};
		9DEC455B2D513BC9002BB8D7 /* Build configuration list for PBXNativeTarget "MovieLibraryUITests" */ = {
			isa = XCConfigurationList;
			buildConfigurations = (
				9DEC455C2D513BC9002BB8D7 /* Debug */,
				9DEC455D2D513BC9002BB8D7 /* Release */,
			);
			defaultConfigurationIsVisible = 0;
			defaultConfigurationName = Release;
		};
/* End XCConfigurationList section */
	};
	rootObject = 9DEC45292D513BC7002BB8D7 /* Project object */;
}
